
Microsoft Visual Studio Solution File, Format Version 12.00
# Visual Studio Version 17
VisualStudioVersion = 17.7.34202.233
MinimumVisualStudioVersion = 10.0.40219.1
Project("{FAE04EC0-301F-11D3-BF4B-00C04F79EFBC}") = "MedicalCalculator", "MedicalCalculator\MedicalCalculator.csproj", "{47DB2CBF-197C-4CDC-B932-FAEC21AE349F}"
EndProject
Global
	GlobalSection(SolutionConfigurationPlatforms) = preSolution
		Debug|Any CPU = Debug|Any CPU
		Release|Any CPU = Release|Any CPU
	EndGlobalSection
	GlobalSection(ProjectConfigurationPlatforms) = postSolution
		{47DB2CBF-197C-4CDC-B932-FAEC21AE349F}.Debug|Any CPU.ActiveCfg = Debug|Any CPU
		{47DB2CBF-197C-4CDC-B932-FAEC21AE349F}.Debug|Any CPU.Build.0 = Debug|Any CPU
		{47DB2CBF-197C-4CDC-B932-FAEC21AE349F}.Release|Any CPU.ActiveCfg = Release|Any CPU
		{47DB2CBF-197C-4CDC-B932-FAEC21AE349F}.Release|Any CPU.Build.0 = Release|Any CPU
	EndGlobalSection
	GlobalSection(SolutionProperties) = preSolution
		HideSolutionNode = FALSE
	EndGlobalSection
	GlobalSection(ExtensibilityGlobals) = postSolution
		SolutionGuid = {8EA719F1-A3FD-4C45-81BE-3FE01D14A383}
	EndGlobalSection
EndGlobal
